# This file is automatically @generated by Cargo.
# It is not intended for manual editing.
version = 4

[[package]]
name = "bitty-observability"
version = "0.0.1"
dependencies = [
 "bitty-observability-api",
 "bitty-observability-core",
]

[[package]]
name = "bitty-observability-api"
version = "0.0.1"

[[package]]
name = "bitty-observability-core"
version = "0.0.1"
dependencies = [
 "bitty-observability-api",
]
